// !$*UTF8*$!
{
    archiveVersion = 1;
    classes = {};
    objectVersion = 77;
    objects = {

/* Begin PBXBuildFile section */
        A10000000000000000000001 /* NotchHubApp.swift in Sources */ = {isa = PBXBuildFile; fileRef = A10000000000000000000002 /* NotchHubApp.swift */; };
        A20000000000000000000001 /* NotchDomain in Frameworks */ = {isa = PBXBuildFile; productRef = A20000000000000000000011 /* NotchDomain */; };
        A20000000000000000000002 /* NotchCore in Frameworks */ = {isa = PBXBuildFile; productRef = A20000000000000000000012 /* NotchCore */; };
        A20000000000000000000003 /* NotchSurface in Frameworks */ = {isa = PBXBuildFile; productRef = A20000000000000000000013 /* NotchSurface */; };
        A20000000000000000000004 /* NotchUI in Frameworks */ = {isa = PBXBuildFile; productRef = A20000000000000000000014 /* NotchUI */; };
        A20000000000000000000005 /* NotchActions in Frameworks */ = {isa = PBXBuildFile; productRef = A20000000000000000000015 /* NotchActions */; };
		A20000000000000000000006 /* NotchIPC in Frameworks */ = {isa = PBXBuildFile; productRef = A20000000000000000000016 /* NotchIPC */; };
		A20000000000000000000017 /* NotchDemoModule in Frameworks */ = {isa = PBXBuildFile; productRef = A20000000000000000000018 /* NotchDemoModule */; };
		A20000000000000000000019 /* XiaozhiModule in Frameworks */ = {isa = PBXBuildFile; productRef = A20000000000000000000020 /* XiaozhiModule */; };
/* End PBXBuildFile section */

/* Begin PBXFrameworksBuildPhase section */
		A20000000000000000000007 /* Frameworks */ = {isa = PBXFrameworksBuildPhase; buildActionMask = 2147483647; files = (A20000000000000000000001 /* NotchDomain in Frameworks */, A20000000000000000000002 /* NotchCore in Frameworks */, A20000000000000000000003 /* NotchSurface in Frameworks */, A20000000000000000000004 /* NotchUI in Frameworks */, A20000000000000000000005 /* NotchActions in Frameworks */, A20000000000000000000006 /* NotchIPC in Frameworks */, A20000000000000000000017 /* NotchDemoModule in Frameworks */, A20000000000000000000019 /* XiaozhiModule in Frameworks */, ); runOnlyForDeploymentPostprocessing = 0; };
/* End PBXFrameworksBuildPhase section */

/* Begin PBXFileReference section */
        A10000000000000000000002 /* NotchHubApp.swift */ = {isa = PBXFileReference; lastKnownFileType = sourcecode.swift; path = NotchHubApp.swift; sourceTree = "<group>"; };
        A10000000000000000000003 /* NotchHub.app */ = {isa = PBXFileReference; explicitFileType = wrapper.application; includeInIndex = 0; path = NotchHub.app; sourceTree = BUILT_PRODUCTS_DIR; };
/* End PBXFileReference section */

/* Begin PBXGroup section */
        A10000000000000000000004 = {isa = PBXGroup; children = (A10000000000000000000005 /* NotchHubApp */, A10000000000000000000006 /* Products */, ); sourceTree = "<group>"; };
        A10000000000000000000005 /* NotchHubApp */ = {isa = PBXGroup; children = (A10000000000000000000002 /* NotchHubApp.swift */, ); path = Apps/NotchHubApp; sourceTree = SOURCE_ROOT; };
        A10000000000000000000006 /* Products */ = {isa = PBXGroup; children = (A10000000000000000000003 /* NotchHub.app */, ); name = Products; sourceTree = "<group>"; };
/* End PBXGroup section */

/* Begin PBXNativeTarget section */
		A10000000000000000000007 /* NotchHub */ = {isa = PBXNativeTarget; buildConfigurationList = A10000000000000000000008 /* Build configuration list for PBXNativeTarget "NotchHub" */; buildPhases = (A10000000000000000000009 /* Sources */, A20000000000000000000007 /* Frameworks */, ); buildRules = (); dependencies = (); name = NotchHub; packageProductDependencies = (A20000000000000000000011 /* NotchDomain */, A20000000000000000000012 /* NotchCore */, A20000000000000000000013 /* NotchSurface */, A20000000000000000000014 /* NotchUI */, A20000000000000000000015 /* NotchActions */, A20000000000000000000016 /* NotchIPC */, A20000000000000000000018 /* NotchDemoModule */, A20000000000000000000020 /* XiaozhiModule */, ); productName = NotchHub; productReference = A10000000000000000000003 /* NotchHub.app */; productType = "com.apple.product-type.application"; };
/* End PBXNativeTarget section */

/* Begin PBXProject section */
        A10000000000000000000010 /* Project object */ = {isa = PBXProject; attributes = { LastSwiftUpdateCheck = 2600; LastUpgradeCheck = 2600; TargetAttributes = { A10000000000000000000007 = { CreatedOnToolsVersion = 26.0.1; }; }; }; buildConfigurationList = A10000000000000000000011 /* Build configuration list for PBXProject "NotchHub" */; compatibilityVersion = "Xcode 16.0"; developmentRegion = en; hasScannedForEncodings = 0; knownRegions = (en, Base, ); mainGroup = A10000000000000000000004; packageReferences = (A20000000000000000000010 /* XCLocalSwiftPackageReference "NotchHub" */, ); productRefGroup = A10000000000000000000006 /* Products */; projectDirPath = ""; projectRoot = ""; targets = (A10000000000000000000007 /* NotchHub */, ); };
/* End PBXProject section */

/* Begin PBXSourcesBuildPhase section */
        A10000000000000000000009 /* Sources */ = {isa = PBXSourcesBuildPhase; buildActionMask = 2147483647; files = (A10000000000000000000001 /* NotchHubApp.swift in Sources */, ); runOnlyForDeploymentPostprocessing = 0; };
/* End PBXSourcesBuildPhase section */

/* Begin XCBuildConfiguration section */
        A10000000000000000000012 /* Debug */ = {isa = XCBuildConfiguration; buildSettings = { CLANG_ENABLE_MODULES = YES; MACOSX_DEPLOYMENT_TARGET = 14.0; SWIFT_VERSION = 6.0; SWIFT_STRICT_CONCURRENCY = complete; }; name = Debug; };
        A10000000000000000000013 /* Release */ = {isa = XCBuildConfiguration; buildSettings = { CLANG_ENABLE_MODULES = YES; MACOSX_DEPLOYMENT_TARGET = 14.0; SWIFT_VERSION = 6.0; SWIFT_STRICT_CONCURRENCY = complete; }; name = Release; };
        A10000000000000000000014 /* Debug */ = {isa = XCBuildConfiguration; buildSettings = { CODE_SIGNING_ALLOWED = NO; CODE_SIGNING_REQUIRED = NO; CODE_SIGN_IDENTITY = ""; GENERATE_INFOPLIST_FILE = YES; INFOPLIST_KEY_LSUIElement = YES; LD_RUNPATH_SEARCH_PATHS = "$(inherited) @executable_path/../Frameworks"; MACOSX_DEPLOYMENT_TARGET = 14.0; PRODUCT_BUNDLE_IDENTIFIER = com.notchhub.app; PRODUCT_NAME = "$(TARGET_NAME)"; SWIFT_EMIT_LOC_STRINGS = YES; SWIFT_STRICT_CONCURRENCY = complete; SWIFT_VERSION = 6.0; }; name = Debug; };
        A10000000000000000000015 /* Release */ = {isa = XCBuildConfiguration; buildSettings = { CODE_SIGNING_ALLOWED = NO; CODE_SIGNING_REQUIRED = NO; CODE_SIGN_IDENTITY = ""; GENERATE_INFOPLIST_FILE = YES; INFOPLIST_KEY_LSUIElement = YES; LD_RUNPATH_SEARCH_PATHS = "$(inherited) @executable_path/../Frameworks"; MACOSX_DEPLOYMENT_TARGET = 14.0; PRODUCT_BUNDLE_IDENTIFIER = com.notchhub.app; PRODUCT_NAME = "$(TARGET_NAME)"; SWIFT_EMIT_LOC_STRINGS = YES; SWIFT_STRICT_CONCURRENCY = complete; SWIFT_VERSION = 6.0; }; name = Release; };
/* End XCBuildConfiguration section */

/* Begin XCConfigurationList section */
        A10000000000000000000008 /* Build configuration list for PBXNativeTarget "NotchHub" */ = {isa = XCConfigurationList; buildConfigurations = (A10000000000000000000014 /* Debug */, A10000000000000000000015 /* Release */, ); defaultConfigurationIsVisible = 0; defaultConfigurationName = Release; };
        A10000000000000000000011 /* Build configuration list for PBXProject "NotchHub" */ = {isa = XCConfigurationList; buildConfigurations = (A10000000000000000000012 /* Debug */, A10000000000000000000013 /* Release */, ); defaultConfigurationIsVisible = 0; defaultConfigurationName = Release; };
/* End XCConfigurationList section */

/* Begin XCLocalSwiftPackageReference section */
        A20000000000000000000010 /* XCLocalSwiftPackageReference "NotchHub" */ = {isa = XCLocalSwiftPackageReference; relativePath = .; };
/* End XCLocalSwiftPackageReference section */

/* Begin XCSwiftPackageProductDependency section */
        A20000000000000000000011 /* NotchDomain */ = {isa = XCSwiftPackageProductDependency; package = A20000000000000000000010 /* XCLocalSwiftPackageReference "NotchHub" */; productName = NotchDomain; };
        A20000000000000000000012 /* NotchCore */ = {isa = XCSwiftPackageProductDependency; package = A20000000000000000000010 /* XCLocalSwiftPackageReference "NotchHub" */; productName = NotchCore; };
        A20000000000000000000013 /* NotchSurface */ = {isa = XCSwiftPackageProductDependency; package = A20000000000000000000010 /* XCLocalSwiftPackageReference "NotchHub" */; productName = NotchSurface; };
        A20000000000000000000014 /* NotchUI */ = {isa = XCSwiftPackageProductDependency; package = A20000000000000000000010 /* XCLocalSwiftPackageReference "NotchHub" */; productName = NotchUI; };
        A20000000000000000000015 /* NotchActions */ = {isa = XCSwiftPackageProductDependency; package = A20000000000000000000010 /* XCLocalSwiftPackageReference "NotchHub" */; productName = NotchActions; };
		A20000000000000000000016 /* NotchIPC */ = {isa = XCSwiftPackageProductDependency; package = A20000000000000000000010 /* XCLocalSwiftPackageReference "NotchHub" */; productName = NotchIPC; };
		A20000000000000000000018 /* NotchDemoModule */ = {isa = XCSwiftPackageProductDependency; package = A20000000000000000000010 /* XCLocalSwiftPackageReference "NotchHub" */; productName = NotchDemoModule; };
		A20000000000000000000020 /* XiaozhiModule */ = {isa = XCSwiftPackageProductDependency; package = A20000000000000000000010 /* XCLocalSwiftPackageReference "NotchHub" */; productName = XiaozhiModule; };
/* End XCSwiftPackageProductDependency section */
    };
    rootObject = A10000000000000000000010 /* Project object */;
}
